
Microsoft Visual Studio Solution File, Format Version 12.00
# Visual Studio Version 17
VisualStudioVersion = 17.7.34009.444
MinimumVisualStudioVersion = 10.0.40219.1
Project("{FAE04EC0-301F-11D3-BF4B-00C04F79EFBC}") = "RaphaelPalacio_ExaminationHYBrain", "RaphaelPalacio_ExaminationHYBrain.csproj", "{B2540D72-C6DB-4B8D-9D16-26AD8C40675A}"
EndProject
Global
	GlobalSection(SolutionConfigurationPlatforms) = preSolution
		Debug|Any CPU = Debug|Any CPU
		Release|Any CPU = Release|Any CPU
	EndGlobalSection
	GlobalSection(ProjectConfigurationPlatforms) = postSolution
		{B2540D72-C6DB-4B8D-9D16-26AD8C40675A}.Debug|Any CPU.ActiveCfg = Debug|Any CPU
		{B2540D72-C6DB-4B8D-9D16-26AD8C40675A}.Debug|Any CPU.Build.0 = Debug|Any CPU
		{B2540D72-C6DB-4B8D-9D16-26AD8C40675A}.Release|Any CPU.ActiveCfg = Release|Any CPU
		{B2540D72-C6DB-4B8D-9D16-26AD8C40675A}.Release|Any CPU.Build.0 = Release|Any CPU
	EndGlobalSection
	GlobalSection(SolutionProperties) = preSolution
		HideSolutionNode = FALSE
	EndGlobalSection
	GlobalSection(ExtensibilityGlobals) = postSolution
		SolutionGuid = {8DAB48EF-EC85-434B-8707-BA755E521E7C}
	EndGlobalSection
EndGlobal
